
Microsoft Visual Studio Solution File, Format Version 12.00
# Visual Studio Version 16
VisualStudioVersion = 16.0.29025.244
MinimumVisualStudioVersion = 10.0.40219.1
Project("{9A19103F-16F7-4668-BE54-9A1E7A4F7556}") = "ConsoleNotesProject", "ConsoleNotesProject.csproj", "{A767BC59-F300-462B-A1C7-EE184D18C12C}"
	ProjectSection(ProjectDependencies) = postProject
		{B22AE496-2B61-4FCF-97B9-8A7BCD908B8B} = {B22AE496-2B61-4FCF-97B9-8A7BCD908B8B}
	EndProjectSection
EndProject
Project("{9A19103F-16F7-4668-BE54-9A1E7A4F7556}") = "NotesProject.Business", "..\NotesProject.Business\NotesProject.Business.csproj", "{B22AE496-2B61-4FCF-97B9-8A7BCD908B8B}"
EndProject
Project("{2150E333-8FDC-42A3-9474-1A3956D46DE8}") = "src", "src", "{0A2CDA75-2AE1-48F1-837C-4919F760B994}"
EndProject
Global
	GlobalSection(SolutionConfigurationPlatforms) = preSolution
		Debug|Any CPU = Debug|Any CPU
		Release|Any CPU = Release|Any CPU
	EndGlobalSection
	GlobalSection(ProjectConfigurationPlatforms) = postSolution
		{A767BC59-F300-462B-A1C7-EE184D18C12C}.Debug|Any CPU.ActiveCfg = Debug|Any CPU
		{A767BC59-F300-462B-A1C7-EE184D18C12C}.Debug|Any CPU.Build.0 = Debug|Any CPU
		{A767BC59-F300-462B-A1C7-EE184D18C12C}.Release|Any CPU.ActiveCfg = Release|Any CPU
		{A767BC59-F300-462B-A1C7-EE184D18C12C}.Release|Any CPU.Build.0 = Release|Any CPU
		{B22AE496-2B61-4FCF-97B9-8A7BCD908B8B}.Debug|Any CPU.ActiveCfg = Debug|Any CPU
		{B22AE496-2B61-4FCF-97B9-8A7BCD908B8B}.Debug|Any CPU.Build.0 = Debug|Any CPU
		{B22AE496-2B61-4FCF-97B9-8A7BCD908B8B}.Release|Any CPU.ActiveCfg = Release|Any CPU
		{B22AE496-2B61-4FCF-97B9-8A7BCD908B8B}.Release|Any CPU.Build.0 = Release|Any CPU
	EndGlobalSection
	GlobalSection(SolutionProperties) = preSolution
		HideSolutionNode = FALSE
	EndGlobalSection
	GlobalSection(NestedProjects) = preSolution
		{A767BC59-F300-462B-A1C7-EE184D18C12C} = {0A2CDA75-2AE1-48F1-837C-4919F760B994}
		{B22AE496-2B61-4FCF-97B9-8A7BCD908B8B} = {0A2CDA75-2AE1-48F1-837C-4919F760B994}
	EndGlobalSection
	GlobalSection(ExtensibilityGlobals) = postSolution
		SolutionGuid = {8FB043DD-6351-44FE-9A2B-1E0DDC57F424}
	EndGlobalSection
EndGlobal
