
Microsoft Visual Studio Solution File, Format Version 12.00
# Visual Studio Version 16
VisualStudioVersion = 16.0.29025.244
MinimumVisualStudioVersion = 10.0.40219.1
Project("{2150E333-8FDC-42A3-9474-1A3956D46DE8}") = "src", "src", "{0A2CDA75-2AE1-48F1-837C-4919F760B994}"
EndProject
Project("{2150E333-8FDC-42A3-9474-1A3956D46DE8}") = "Solution Items", "Solution Items", "{5F007903-2C58-44A3-969D-549B829F318F}"
	ProjectSection(SolutionItems) = preProject
		README.md = README.md
	EndProjectSection
EndProject
Project("{2150E333-8FDC-42A3-9474-1A3956D46DE8}") = "test", "test", "{9BFD3633-8B8F-406F-A5E5-D6AFD4707D4A}"
EndProject
Project("{9A19103F-16F7-4668-BE54-9A1E7A4F7556}") = "NotesProject.Test", "NotesProject.Test\NotesProject.Test.csproj", "{5F1E385C-73EF-4266-9FDA-3087B52300A7}"
EndProject
Project("{2150E333-8FDC-42A3-9474-1A3956D46DE8}") = "UI", "UI", "{412E69F8-9F4C-4BB5-ABC4-3F55BC7B1244}"
EndProject
Project("{2150E333-8FDC-42A3-9474-1A3956D46DE8}") = "Domain", "Domain", "{235EBB80-F36F-442E-BA6A-BBF3DCB908D6}"
EndProject
Project("{FAE04EC0-301F-11D3-BF4B-00C04F79EFBC}") = "NotesProject.Domain", "NotesProject.Domain\NotesProject.Domain.csproj", "{2864362D-835F-48CF-A200-1418C9515D01}"
EndProject
Project("{2150E333-8FDC-42A3-9474-1A3956D46DE8}") = "Infrastructure", "Infrastructure", "{9ADC6427-9BDE-426F-94A1-33C5B3EF4C28}"
EndProject
Project("{FAE04EC0-301F-11D3-BF4B-00C04F79EFBC}") = "NotesProject.Infrastructure", "NotesProject.Infrastructure\NotesProject.Infrastructure.csproj", "{D28DEB2F-C6E7-464E-AAC9-1929F8C6E3B3}"
EndProject
Project("{2150E333-8FDC-42A3-9474-1A3956D46DE8}") = "DB", "DB", "{FA975332-CA3B-4E18-B785-9076216C7BF3}"
EndProject
Project("{FAE04EC0-301F-11D3-BF4B-00C04F79EFBC}") = "NotesProject.DataBase", "NotesProject.DataBase\NotesProject.DataBase.csproj", "{CFF5EBA5-2D27-48FB-B280-F0617CE059C4}"
EndProject
Project("{2150E333-8FDC-42A3-9474-1A3956D46DE8}") = "Application", "Application", "{539078DF-8D30-40F0-B534-63621F23EE38}"
EndProject
Project("{FAE04EC0-301F-11D3-BF4B-00C04F79EFBC}") = "NotesProject.Application", "NotesProject.Application\NotesProject.Application.csproj", "{718FDBC0-8DB9-4711-832C-4A56D6085252}"
EndProject
Project("{FAE04EC0-301F-11D3-BF4B-00C04F79EFBC}") = "NotesProject.ConsoleUI", "NotesProject.ConsoleUI\NotesProject.ConsoleUI.csproj", "{19D681F5-5486-431A-BA25-D85B3E74DB09}"
EndProject
Global
	GlobalSection(SolutionConfigurationPlatforms) = preSolution
		Debug|Any CPU = Debug|Any CPU
		Release|Any CPU = Release|Any CPU
	EndGlobalSection
	GlobalSection(ProjectConfigurationPlatforms) = postSolution
		{5F1E385C-73EF-4266-9FDA-3087B52300A7}.Debug|Any CPU.ActiveCfg = Debug|Any CPU
		{5F1E385C-73EF-4266-9FDA-3087B52300A7}.Debug|Any CPU.Build.0 = Debug|Any CPU
		{5F1E385C-73EF-4266-9FDA-3087B52300A7}.Release|Any CPU.ActiveCfg = Release|Any CPU
		{5F1E385C-73EF-4266-9FDA-3087B52300A7}.Release|Any CPU.Build.0 = Release|Any CPU
		{2864362D-835F-48CF-A200-1418C9515D01}.Debug|Any CPU.ActiveCfg = Debug|Any CPU
		{2864362D-835F-48CF-A200-1418C9515D01}.Debug|Any CPU.Build.0 = Debug|Any CPU
		{2864362D-835F-48CF-A200-1418C9515D01}.Release|Any CPU.ActiveCfg = Release|Any CPU
		{2864362D-835F-48CF-A200-1418C9515D01}.Release|Any CPU.Build.0 = Release|Any CPU
		{D28DEB2F-C6E7-464E-AAC9-1929F8C6E3B3}.Debug|Any CPU.ActiveCfg = Debug|Any CPU
		{D28DEB2F-C6E7-464E-AAC9-1929F8C6E3B3}.Debug|Any CPU.Build.0 = Debug|Any CPU
		{D28DEB2F-C6E7-464E-AAC9-1929F8C6E3B3}.Release|Any CPU.ActiveCfg = Release|Any CPU
		{D28DEB2F-C6E7-464E-AAC9-1929F8C6E3B3}.Release|Any CPU.Build.0 = Release|Any CPU
		{CFF5EBA5-2D27-48FB-B280-F0617CE059C4}.Debug|Any CPU.ActiveCfg = Debug|Any CPU
		{CFF5EBA5-2D27-48FB-B280-F0617CE059C4}.Debug|Any CPU.Build.0 = Debug|Any CPU
		{CFF5EBA5-2D27-48FB-B280-F0617CE059C4}.Release|Any CPU.ActiveCfg = Release|Any CPU
		{CFF5EBA5-2D27-48FB-B280-F0617CE059C4}.Release|Any CPU.Build.0 = Release|Any CPU
		{718FDBC0-8DB9-4711-832C-4A56D6085252}.Debug|Any CPU.ActiveCfg = Debug|Any CPU
		{718FDBC0-8DB9-4711-832C-4A56D6085252}.Debug|Any CPU.Build.0 = Debug|Any CPU
		{718FDBC0-8DB9-4711-832C-4A56D6085252}.Release|Any CPU.ActiveCfg = Release|Any CPU
		{718FDBC0-8DB9-4711-832C-4A56D6085252}.Release|Any CPU.Build.0 = Release|Any CPU
		{19D681F5-5486-431A-BA25-D85B3E74DB09}.Debug|Any CPU.ActiveCfg = Debug|Any CPU
		{19D681F5-5486-431A-BA25-D85B3E74DB09}.Debug|Any CPU.Build.0 = Debug|Any CPU
		{19D681F5-5486-431A-BA25-D85B3E74DB09}.Release|Any CPU.ActiveCfg = Release|Any CPU
		{19D681F5-5486-431A-BA25-D85B3E74DB09}.Release|Any CPU.Build.0 = Release|Any CPU
	EndGlobalSection
	GlobalSection(SolutionProperties) = preSolution
		HideSolutionNode = FALSE
	EndGlobalSection
	GlobalSection(NestedProjects) = preSolution
		{5F1E385C-73EF-4266-9FDA-3087B52300A7} = {9BFD3633-8B8F-406F-A5E5-D6AFD4707D4A}
		{412E69F8-9F4C-4BB5-ABC4-3F55BC7B1244} = {0A2CDA75-2AE1-48F1-837C-4919F760B994}
		{235EBB80-F36F-442E-BA6A-BBF3DCB908D6} = {0A2CDA75-2AE1-48F1-837C-4919F760B994}
		{2864362D-835F-48CF-A200-1418C9515D01} = {235EBB80-F36F-442E-BA6A-BBF3DCB908D6}
		{9ADC6427-9BDE-426F-94A1-33C5B3EF4C28} = {0A2CDA75-2AE1-48F1-837C-4919F760B994}
		{D28DEB2F-C6E7-464E-AAC9-1929F8C6E3B3} = {9ADC6427-9BDE-426F-94A1-33C5B3EF4C28}
		{FA975332-CA3B-4E18-B785-9076216C7BF3} = {0A2CDA75-2AE1-48F1-837C-4919F760B994}
		{CFF5EBA5-2D27-48FB-B280-F0617CE059C4} = {FA975332-CA3B-4E18-B785-9076216C7BF3}
		{539078DF-8D30-40F0-B534-63621F23EE38} = {0A2CDA75-2AE1-48F1-837C-4919F760B994}
		{718FDBC0-8DB9-4711-832C-4A56D6085252} = {539078DF-8D30-40F0-B534-63621F23EE38}
		{19D681F5-5486-431A-BA25-D85B3E74DB09} = {412E69F8-9F4C-4BB5-ABC4-3F55BC7B1244}
	EndGlobalSection
	GlobalSection(ExtensibilityGlobals) = postSolution
		SolutionGuid = {8FB043DD-6351-44FE-9A2B-1E0DDC57F424}
	EndGlobalSection
EndGlobal
